
Microsoft Visual Studio Solution File, Format Version 12.00
# Visual Studio Version 17
VisualStudioVersion = 17.7.34221.43
MinimumVisualStudioVersion = 10.0.40219.1
Project("{FAE04EC0-301F-11D3-BF4B-00C04F79EFBC}") = "NikoHatLoader", "NikoHatLoader\NikoHatLoader.csproj", "{D18E9F8F-1641-4E36-AADF-D3A0367B259D}"
EndProject
Global
	GlobalSection(SolutionConfigurationPlatforms) = preSolution
		Debug|Any CPU = Debug|Any CPU
		Release|Any CPU = Release|Any CPU
	EndGlobalSection
	GlobalSection(ProjectConfigurationPlatforms) = postSolution
		{D18E9F8F-1641-4E36-AADF-D3A0367B259D}.Debug|Any CPU.ActiveCfg = Debug|Any CPU
		{D18E9F8F-1641-4E36-AADF-D3A0367B259D}.Debug|Any CPU.Build.0 = Debug|Any CPU
		{D18E9F8F-1641-4E36-AADF-D3A0367B259D}.Release|Any CPU.ActiveCfg = Release|Any CPU
		{D18E9F8F-1641-4E36-AADF-D3A0367B259D}.Release|Any CPU.Build.0 = Release|Any CPU
	EndGlobalSection
	GlobalSection(SolutionProperties) = preSolution
		HideSolutionNode = FALSE
	EndGlobalSection
	GlobalSection(ExtensibilityGlobals) = postSolution
		SolutionGuid = {9164F015-6F55-4862-81FA-6BEA53B41645}
	EndGlobalSection
EndGlobal
